// !$*UTF8*$!
{
	archiveVersion = 1;
	classes = {
	};
	objectVersion = 46;
	objects = {

/* Begin PBXBuildFile section */
		2855A3091A874663004260DE /* Scoring.swift in Sources */ = {isa = PBXBuildFile; fileRef = 2855A3081A874663004260DE /* Scoring.swift */; };
		28A3F23D1A8D5EDD001009C8 /* Globals.swift in Sources */ = {isa = PBXBuildFile; fileRef = 28A3F23C1A8D5EDD001009C8 /* Globals.swift */; };
		E12F4B541A94503C00AAE0C6 /* PitTeamExtension.swift in Sources */ = {isa = PBXBuildFile; fileRef = E12F4B531A94503C00AAE0C6 /* PitTeamExtension.swift */; };
		E14582321A929CAC00594658 /* MasterTeam.swift in Sources */ = {isa = PBXBuildFile; fileRef = E14582311A929CAC00594658 /* MasterTeam.swift */; };
		E14582341A929CAC00594658 /* Match.swift in Sources */ = {isa = PBXBuildFile; fileRef = E14582331A929CAC00594658 /* Match.swift */; };
		E14582361A929CAC00594658 /* PitTeam.swift in Sources */ = {isa = PBXBuildFile; fileRef = E14582351A929CAC00594658 /* PitTeam.swift */; };
		E14582381A929CAC00594658 /* Regional.swift in Sources */ = {isa = PBXBuildFile; fileRef = E14582371A929CAC00594658 /* Regional.swift */; };
		E145823A1A929CAC00594658 /* Team.swift in Sources */ = {isa = PBXBuildFile; fileRef = E14582391A929CAC00594658 /* Team.swift */; };
		E145823C1A929CAC00594658 /* CoopStack.swift in Sources */ = {isa = PBXBuildFile; fileRef = E145823B1A929CAC00594658 /* CoopStack.swift */; };
		E145823E1A929CAD00594658 /* ToteStack.swift in Sources */ = {isa = PBXBuildFile; fileRef = E145823D1A929CAD00594658 /* ToteStack.swift */; };
		E16EBB8A1A898A1B007D6E29 /* PitScoutingNav.swift in Sources */ = {isa = PBXBuildFile; fileRef = E16EBB891A898A1B007D6E29 /* PitScoutingNav.swift */; };
		E16EBB8C1A89BACE007D6E29 /* ViewPitTeams.swift in Sources */ = {isa = PBXBuildFile; fileRef = E16EBB8B1A89BACE007D6E29 /* ViewPitTeams.swift */; };
		E16EBB8E1A89BED0007D6E29 /* PitTeamCell.swift in Sources */ = {isa = PBXBuildFile; fileRef = E16EBB8D1A89BED0007D6E29 /* PitTeamCell.swift */; };
		E1A4D6F91A8C300300FCF562 /* TeamList.swift in Sources */ = {isa = PBXBuildFile; fileRef = E1A4D6F81A8C300300FCF562 /* TeamList.swift */; };
		E1A4D6FB1A8C333900FCF562 /* TeamListCell.swift in Sources */ = {isa = PBXBuildFile; fileRef = E1A4D6FA1A8C333900FCF562 /* TeamListCell.swift */; };
		E1A4D7031A8C449500FCF562 /* RegionalExtension.swift in Sources */ = {isa = PBXBuildFile; fileRef = E1A4D7021A8C449500FCF562 /* RegionalExtension.swift */; };
		E1A4D7071A8C4A2600FCF562 /* TeamExtension.swift in Sources */ = {isa = PBXBuildFile; fileRef = E1A4D7061A8C4A2600FCF562 /* TeamExtension.swift */; };
		E1A4D7091A8C4FBC00FCF562 /* MasterTeamExtension.swift in Sources */ = {isa = PBXBuildFile; fileRef = E1A4D7081A8C4FBC00FCF562 /* MasterTeamExtension.swift */; };
		E1B515511A8732EC00C48D6F /* MatchExtension.swift in Sources */ = {isa = PBXBuildFile; fileRef = E1B515501A8732EC00C48D6F /* MatchExtension.swift */; };
		E1F4BED71A608DF20091EA2E /* AppDelegate.swift in Sources */ = {isa = PBXBuildFile; fileRef = E1F4BED61A608DF20091EA2E /* AppDelegate.swift */; };
		E1F4BEDE1A608DF20091EA2E /* Main.storyboard in Resources */ = {isa = PBXBuildFile; fileRef = E1F4BEDC1A608DF20091EA2E /* Main.storyboard */; };
		E1F4BEE01A608DF20091EA2E /* Images.xcassets in Resources */ = {isa = PBXBuildFile; fileRef = E1F4BEDF1A608DF20091EA2E /* Images.xcassets */; };
		E1F4BEE31A608DF20091EA2E /* LaunchScreen.xib in Resources */ = {isa = PBXBuildFile; fileRef = E1F4BEE11A608DF20091EA2E /* LaunchScreen.xib */; };
		E1F4BEEF1A608DF20091EA2E /* FRC_ScoutTests.swift in Sources */ = {isa = PBXBuildFile; fileRef = E1F4BEEE1A608DF20091EA2E /* FRC_ScoutTests.swift */; };
		E1F4BEFA1A608E7F0091EA2E /* Model.xcdatamodeld in Sources */ = {isa = PBXBuildFile; fileRef = E1F4BEF81A608E7F0091EA2E /* Model.xcdatamodeld */; };
		E1F4BEFC1A608FE90091EA2E /* Data.swift in Sources */ = {isa = PBXBuildFile; fileRef = E1F4BEFB1A608FE90091EA2E /* Data.swift */; };
		E1F4BEFE1A6090090091EA2E /* More.swift in Sources */ = {isa = PBXBuildFile; fileRef = E1F4BEFD1A6090090091EA2E /* More.swift */; };
		E1F4BF001A6090630091EA2E /* (null) in Sources */ = {isa = PBXBuildFile; };
		E1F4BF021A60907A0091EA2E /* PitScouting.swift in Sources */ = {isa = PBXBuildFile; fileRef = E1F4BF011A60907A0091EA2E /* PitScouting.swift */; };
		E1F9F8D51A8C6E4400709C9D /* DataCalculator.swift in Sources */ = {isa = PBXBuildFile; fileRef = E1F9F8D41A8C6E4400709C9D /* DataCalculator.swift */; };
		E1F9F8DB1A8CFC1200709C9D /* SingleTeamView.swift in Sources */ = {isa = PBXBuildFile; fileRef = E1F9F8DA1A8CFC1200709C9D /* SingleTeamView.swift */; };
		E1F9F8DD1A8D147B00709C9D /* MatchCell.swift in Sources */ = {isa = PBXBuildFile; fileRef = E1F9F8DC1A8D147B00709C9D /* MatchCell.swift */; };
/* End PBXBuildFile section */

/* Begin PBXContainerItemProxy section */
		E1F4BEE91A608DF20091EA2E /* PBXContainerItemProxy */ = {
			isa = PBXContainerItemProxy;
			containerPortal = E1F4BEC91A608DF10091EA2E /* Project object */;
			proxyType = 1;
			remoteGlobalIDString = E1F4BED01A608DF10091EA2E;
			remoteInfo = "2015 FRC Scout";
		};
/* End PBXContainerItemProxy section */

/* Begin PBXFileReference section */
		2855A3081A874663004260DE /* Scoring.swift */ = {isa = PBXFileReference; fileEncoding = 4; lastKnownFileType = sourcecode.swift; path = Scoring.swift; sourceTree = "<group>"; };
		28A3F23C1A8D5EDD001009C8 /* Globals.swift */ = {isa = PBXFileReference; fileEncoding = 4; lastKnownFileType = sourcecode.swift; path = Globals.swift; sourceTree = "<group>"; };
		E12F4B531A94503C00AAE0C6 /* PitTeamExtension.swift */ = {isa = PBXFileReference; fileEncoding = 4; lastKnownFileType = sourcecode.swift; path = PitTeamExtension.swift; sourceTree = "<group>"; };
		E14582311A929CAC00594658 /* MasterTeam.swift */ = {isa = PBXFileReference; fileEncoding = 4; lastKnownFileType = sourcecode.swift; path = MasterTeam.swift; sourceTree = "<group>"; };
		E14582331A929CAC00594658 /* Match.swift */ = {isa = PBXFileReference; fileEncoding = 4; lastKnownFileType = sourcecode.swift; path = Match.swift; sourceTree = "<group>"; };
		E14582351A929CAC00594658 /* PitTeam.swift */ = {isa = PBXFileReference; fileEncoding = 4; lastKnownFileType = sourcecode.swift; path = PitTeam.swift; sourceTree = "<group>"; };
		E14582371A929CAC00594658 /* Regional.swift */ = {isa = PBXFileReference; fileEncoding = 4; lastKnownFileType = sourcecode.swift; path = Regional.swift; sourceTree = "<group>"; };
		E14582391A929CAC00594658 /* Team.swift */ = {isa = PBXFileReference; fileEncoding = 4; lastKnownFileType = sourcecode.swift; path = Team.swift; sourceTree = "<group>"; };
		E145823B1A929CAC00594658 /* CoopStack.swift */ = {isa = PBXFileReference; fileEncoding = 4; lastKnownFileType = sourcecode.swift; path = CoopStack.swift; sourceTree = "<group>"; };
		E145823D1A929CAD00594658 /* ToteStack.swift */ = {isa = PBXFileReference; fileEncoding = 4; lastKnownFileType = sourcecode.swift; path = ToteStack.swift; sourceTree = "<group>"; };
		E16EBB891A898A1B007D6E29 /* PitScoutingNav.swift */ = {isa = PBXFileReference; fileEncoding = 4; lastKnownFileType = sourcecode.swift; path = PitScoutingNav.swift; sourceTree = "<group>"; };
		E16EBB8B1A89BACE007D6E29 /* ViewPitTeams.swift */ = {isa = PBXFileReference; fileEncoding = 4; lastKnownFileType = sourcecode.swift; path = ViewPitTeams.swift; sourceTree = "<group>"; };
		E16EBB8D1A89BED0007D6E29 /* PitTeamCell.swift */ = {isa = PBXFileReference; fileEncoding = 4; lastKnownFileType = sourcecode.swift; path = PitTeamCell.swift; sourceTree = "<group>"; };
		E1A4D6F81A8C300300FCF562 /* TeamList.swift */ = {isa = PBXFileReference; fileEncoding = 4; lastKnownFileType = sourcecode.swift; path = TeamList.swift; sourceTree = "<group>"; };
		E1A4D6FA1A8C333900FCF562 /* TeamListCell.swift */ = {isa = PBXFileReference; fileEncoding = 4; lastKnownFileType = sourcecode.swift; path = TeamListCell.swift; sourceTree = "<group>"; };
		E1A4D7021A8C449500FCF562 /* RegionalExtension.swift */ = {isa = PBXFileReference; fileEncoding = 4; lastKnownFileType = sourcecode.swift; path = RegionalExtension.swift; sourceTree = "<group>"; };
		E1A4D7061A8C4A2600FCF562 /* TeamExtension.swift */ = {isa = PBXFileReference; fileEncoding = 4; lastKnownFileType = sourcecode.swift; path = TeamExtension.swift; sourceTree = "<group>"; };
		E1A4D7081A8C4FBC00FCF562 /* MasterTeamExtension.swift */ = {isa = PBXFileReference; fileEncoding = 4; lastKnownFileType = sourcecode.swift; path = MasterTeamExtension.swift; sourceTree = "<group>"; };
		E1B515501A8732EC00C48D6F /* MatchExtension.swift */ = {isa = PBXFileReference; fileEncoding = 4; lastKnownFileType = sourcecode.swift; path = MatchExtension.swift; sourceTree = "<group>"; };
		E1F4BED11A608DF20091EA2E /* FRC Scout.app */ = {isa = PBXFileReference; explicitFileType = wrapper.application; includeInIndex = 0; path = "FRC Scout.app"; sourceTree = BUILT_PRODUCTS_DIR; };
		E1F4BED51A608DF20091EA2E /* Info.plist */ = {isa = PBXFileReference; lastKnownFileType = text.plist.xml; path = Info.plist; sourceTree = "<group>"; };
		E1F4BED61A608DF20091EA2E /* AppDelegate.swift */ = {isa = PBXFileReference; lastKnownFileType = sourcecode.swift; path = AppDelegate.swift; sourceTree = "<group>"; };
		E1F4BEDD1A608DF20091EA2E /* Base */ = {isa = PBXFileReference; lastKnownFileType = file.storyboard; name = Base; path = Base.lproj/Main.storyboard; sourceTree = "<group>"; };
		E1F4BEDF1A608DF20091EA2E /* Images.xcassets */ = {isa = PBXFileReference; lastKnownFileType = folder.assetcatalog; path = Images.xcassets; sourceTree = "<group>"; };
		E1F4BEE21A608DF20091EA2E /* Base */ = {isa = PBXFileReference; lastKnownFileType = file.xib; name = Base; path = Base.lproj/LaunchScreen.xib; sourceTree = "<group>"; };
		E1F4BEE81A608DF20091EA2E /* FRC ScoutTests.xctest */ = {isa = PBXFileReference; explicitFileType = wrapper.cfbundle; includeInIndex = 0; path = "FRC ScoutTests.xctest"; sourceTree = BUILT_PRODUCTS_DIR; };
		E1F4BEED1A608DF20091EA2E /* Info.plist */ = {isa = PBXFileReference; lastKnownFileType = text.plist.xml; path = Info.plist; sourceTree = "<group>"; };
		E1F4BEEE1A608DF20091EA2E /* FRC_ScoutTests.swift */ = {isa = PBXFileReference; lastKnownFileType = sourcecode.swift; path = FRC_ScoutTests.swift; sourceTree = "<group>"; };
		E1F4BEF91A608E7F0091EA2E /* Model.xcdatamodel */ = {isa = PBXFileReference; lastKnownFileType = wrapper.xcdatamodel; path = Model.xcdatamodel; sourceTree = "<group>"; };
		E1F4BEFB1A608FE90091EA2E /* Data.swift */ = {isa = PBXFileReference; fileEncoding = 4; lastKnownFileType = sourcecode.swift; path = Data.swift; sourceTree = "<group>"; };
		E1F4BEFD1A6090090091EA2E /* More.swift */ = {isa = PBXFileReference; fileEncoding = 4; lastKnownFileType = sourcecode.swift; path = More.swift; sourceTree = "<group>"; };
		E1F4BF011A60907A0091EA2E /* PitScouting.swift */ = {isa = PBXFileReference; fileEncoding = 4; lastKnownFileType = sourcecode.swift; lineEnding = 0; path = PitScouting.swift; sourceTree = "<group>"; xcLanguageSpecificationIdentifier = xcode.lang.swift; };
		E1F9F8D41A8C6E4400709C9D /* DataCalculator.swift */ = {isa = PBXFileReference; fileEncoding = 4; lastKnownFileType = sourcecode.swift; path = DataCalculator.swift; sourceTree = "<group>"; };
		E1F9F8DA1A8CFC1200709C9D /* SingleTeamView.swift */ = {isa = PBXFileReference; fileEncoding = 4; lastKnownFileType = sourcecode.swift; path = SingleTeamView.swift; sourceTree = "<group>"; };
		E1F9F8DC1A8D147B00709C9D /* MatchCell.swift */ = {isa = PBXFileReference; fileEncoding = 4; lastKnownFileType = sourcecode.swift; path = MatchCell.swift; sourceTree = "<group>"; };
/* End PBXFileReference section */

/* Begin PBXFrameworksBuildPhase section */
		E1F4BECE1A608DF10091EA2E /* Frameworks */ = {
			isa = PBXFrameworksBuildPhase;
			buildActionMask = 2147483647;
			files = (
			);
			runOnlyForDeploymentPostprocessing = 0;
		};
		E1F4BEE51A608DF20091EA2E /* Frameworks */ = {
			isa = PBXFrameworksBuildPhase;
			buildActionMask = 2147483647;
			files = (
			);
			runOnlyForDeploymentPostprocessing = 0;
		};
/* End PBXFrameworksBuildPhase section */

/* Begin PBXGroup section */
		28C540E61A900B0000BFCC69 /* More */ = {
			isa = PBXGroup;
			children = (
				E1F4BEFD1A6090090091EA2E /* More.swift */,
			);
			name = More;
			sourceTree = "<group>";
		};
		28C540E71A900B0700BFCC69 /* Scoring */ = {
			isa = PBXGroup;
			children = (
				2855A3081A874663004260DE /* Scoring.swift */,
			);
			name = Scoring;
			sourceTree = "<group>";
		};
		E14582301A929C5800594658 /* Extensions */ = {
			isa = PBXGroup;
			children = (
				E1B515501A8732EC00C48D6F /* MatchExtension.swift */,
				E1A4D7061A8C4A2600FCF562 /* TeamExtension.swift */,
				E1A4D7081A8C4FBC00FCF562 /* MasterTeamExtension.swift */,
				E1A4D7021A8C449500FCF562 /* RegionalExtension.swift */,
				E12F4B531A94503C00AAE0C6 /* PitTeamExtension.swift */,
			);
			name = Extensions;
			sourceTree = "<group>";
		};
		E16EBB881A8989F7007D6E29 /* PitScouting */ = {
			isa = PBXGroup;
			children = (
				E16EBB8D1A89BED0007D6E29 /* PitTeamCell.swift */,
				E1F4BF011A60907A0091EA2E /* PitScouting.swift */,
				E16EBB891A898A1B007D6E29 /* PitScoutingNav.swift */,
				E16EBB8B1A89BACE007D6E29 /* ViewPitTeams.swift */,
			);
			name = PitScouting;
			sourceTree = "<group>";
		};
		E1A4D6F71A8C2DF100FCF562 /* Data */ = {
			isa = PBXGroup;
			children = (
				E1F4BEFB1A608FE90091EA2E /* Data.swift */,
				E1A4D6F81A8C300300FCF562 /* TeamList.swift */,
				E1A4D6FA1A8C333900FCF562 /* TeamListCell.swift */,
				E1F9F8D41A8C6E4400709C9D /* DataCalculator.swift */,
				E1F9F8DA1A8CFC1200709C9D /* SingleTeamView.swift */,
				E1F9F8DC1A8D147B00709C9D /* MatchCell.swift */,
			);
			name = Data;
			sourceTree = "<group>";
		};
		E1B5154D1A8714E000C48D6F /* ManagedObjects */ = {
			isa = PBXGroup;
			children = (
				E145823D1A929CAD00594658 /* ToteStack.swift */,
				E145823B1A929CAC00594658 /* CoopStack.swift */,
				E14582391A929CAC00594658 /* Team.swift */,
				E14582371A929CAC00594658 /* Regional.swift */,
				E14582351A929CAC00594658 /* PitTeam.swift */,
				E14582331A929CAC00594658 /* Match.swift */,
				E14582311A929CAC00594658 /* MasterTeam.swift */,
				E14582301A929C5800594658 /* Extensions */,
			);
			name = ManagedObjects;
			sourceTree = "<group>";
		};
		E1F4BEC81A608DF10091EA2E = {
			isa = PBXGroup;
			children = (
				E1F4BED31A608DF20091EA2E /* 2015 FRC Scout */,
				E1F4BEEB1A608DF20091EA2E /* 2015 FRC ScoutTests */,
				E1F4BED21A608DF20091EA2E /* Products */,
			);
			sourceTree = "<group>";
		};
		E1F4BED21A608DF20091EA2E /* Products */ = {
			isa = PBXGroup;
			children = (
				E1F4BED11A608DF20091EA2E /* FRC Scout.app */,
				E1F4BEE81A608DF20091EA2E /* FRC ScoutTests.xctest */,
			);
			name = Products;
			sourceTree = "<group>";
		};
		E1F4BED31A608DF20091EA2E /* 2015 FRC Scout */ = {
			isa = PBXGroup;
			children = (
				E1F4BEDC1A608DF20091EA2E /* Main.storyboard */,
				28A3F23C1A8D5EDD001009C8 /* Globals.swift */,
				28C540E71A900B0700BFCC69 /* Scoring */,
				E16EBB881A8989F7007D6E29 /* PitScouting */,
				E1A4D6F71A8C2DF100FCF562 /* Data */,
				28C540E61A900B0000BFCC69 /* More */,
				E1B5154D1A8714E000C48D6F /* ManagedObjects */,
				E1F4BED41A608DF20091EA2E /* Supporting Files */,
			);
			path = "2015 FRC Scout";
			sourceTree = "<group>";
		};
		E1F4BED41A608DF20091EA2E /* Supporting Files */ = {
			isa = PBXGroup;
			children = (
				E1F4BEF81A608E7F0091EA2E /* Model.xcdatamodeld */,
				E1F4BED61A608DF20091EA2E /* AppDelegate.swift */,
				E1F4BEDF1A608DF20091EA2E /* Images.xcassets */,
				E1F4BED51A608DF20091EA2E /* Info.plist */,
				E1F4BEE11A608DF20091EA2E /* LaunchScreen.xib */,
			);
			name = "Supporting Files";
			sourceTree = "<group>";
		};
		E1F4BEEB1A608DF20091EA2E /* 2015 FRC ScoutTests */ = {
			isa = PBXGroup;
			children = (
				E1F4BEEE1A608DF20091EA2E /* FRC_ScoutTests.swift */,
				E1F4BEEC1A608DF20091EA2E /* Supporting Files */,
			);
			path = "2015 FRC ScoutTests";
			sourceTree = "<group>";
		};
		E1F4BEEC1A608DF20091EA2E /* Supporting Files */ = {
			isa = PBXGroup;
			children = (
				E1F4BEED1A608DF20091EA2E /* Info.plist */,
			);
			name = "Supporting Files";
			sourceTree = "<group>";
		};
/* End PBXGroup section */

/* Begin PBXNativeTarget section */
		E1F4BED01A608DF10091EA2E /* FRC Scout */ = {
			isa = PBXNativeTarget;
			buildConfigurationList = E1F4BEF21A608DF20091EA2E /* Build configuration list for PBXNativeTarget "FRC Scout" */;
			buildPhases = (
				E1F4BECD1A608DF10091EA2E /* Sources */,
				E1F4BECE1A608DF10091EA2E /* Frameworks */,
				E1F4BECF1A608DF10091EA2E /* Resources */,
			);
			buildRules = (
			);
			dependencies = (
			);
			name = "FRC Scout";
			productName = "2015 FRC Scout";
			productReference = E1F4BED11A608DF20091EA2E /* FRC Scout.app */;
			productType = "com.apple.product-type.application";
		};
		E1F4BEE71A608DF20091EA2E /* FRC ScoutTests */ = {
			isa = PBXNativeTarget;
			buildConfigurationList = E1F4BEF51A608DF20091EA2E /* Build configuration list for PBXNativeTarget "FRC ScoutTests" */;
			buildPhases = (
				E1F4BEE41A608DF20091EA2E /* Sources */,
				E1F4BEE51A608DF20091EA2E /* Frameworks */,
				E1F4BEE61A608DF20091EA2E /* Resources */,
			);
			buildRules = (
			);
			dependencies = (
				E1F4BEEA1A608DF20091EA2E /* PBXTargetDependency */,
			);
			name = "FRC ScoutTests";
			productName = "2015 FRC ScoutTests";
			productReference = E1F4BEE81A608DF20091EA2E /* FRC ScoutTests.xctest */;
			productType = "com.apple.product-type.bundle.unit-test";
		};
/* End PBXNativeTarget section */

/* Begin PBXProject section */
		E1F4BEC91A608DF10091EA2E /* Project object */ = {
			isa = PBXProject;
			attributes = {
				LastUpgradeCheck = 0610;
				ORGANIZATIONNAME = "David Swed";
				TargetAttributes = {
					E1F4BED01A608DF10091EA2E = {
						CreatedOnToolsVersion = 6.1.1;
						DevelopmentTeam = 3JKUTS9N3N;
					};
					E1F4BEE71A608DF20091EA2E = {
						CreatedOnToolsVersion = 6.1.1;
						TestTargetID = E1F4BED01A608DF10091EA2E;
					};
				};
			};
			buildConfigurationList = E1F4BECC1A608DF10091EA2E /* Build configuration list for PBXProject "FRC Scout" */;
			compatibilityVersion = "Xcode 3.2";
			developmentRegion = English;
			hasScannedForEncodings = 0;
			knownRegions = (
				en,
				Base,
			);
			mainGroup = E1F4BEC81A608DF10091EA2E;
			productRefGroup = E1F4BED21A608DF20091EA2E /* Products */;
			projectDirPath = "";
			projectRoot = "";
			targets = (
				E1F4BED01A608DF10091EA2E /* FRC Scout */,
				E1F4BEE71A608DF20091EA2E /* FRC ScoutTests */,
			);
		};
/* End PBXProject section */

/* Begin PBXResourcesBuildPhase section */
		E1F4BECF1A608DF10091EA2E /* Resources */ = {
			isa = PBXResourcesBuildPhase;
			buildActionMask = 2147483647;
			files = (
				E1F4BEDE1A608DF20091EA2E /* Main.storyboard in Resources */,
				E1F4BEE31A608DF20091EA2E /* LaunchScreen.xib in Resources */,
				E1F4BEE01A608DF20091EA2E /* Images.xcassets in Resources */,
			);
			runOnlyForDeploymentPostprocessing = 0;
		};
		E1F4BEE61A608DF20091EA2E /* Resources */ = {
			isa = PBXResourcesBuildPhase;
			buildActionMask = 2147483647;
			files = (
			);
			runOnlyForDeploymentPostprocessing = 0;
		};
/* End PBXResourcesBuildPhase section */

/* Begin PBXSourcesBuildPhase section */
		E1F4BECD1A608DF10091EA2E /* Sources */ = {
			isa = PBXSourcesBuildPhase;
			buildActionMask = 2147483647;
			files = (
				E1A4D7091A8C4FBC00FCF562 /* MasterTeamExtension.swift in Sources */,
				E1F4BEFE1A6090090091EA2E /* More.swift in Sources */,
				E1F9F8D51A8C6E4400709C9D /* DataCalculator.swift in Sources */,
				E1F4BEFC1A608FE90091EA2E /* Data.swift in Sources */,
				E1F9F8DD1A8D147B00709C9D /* MatchCell.swift in Sources */,
				E14582361A929CAC00594658 /* PitTeam.swift in Sources */,
				E14582321A929CAC00594658 /* MasterTeam.swift in Sources */,
				E16EBB8E1A89BED0007D6E29 /* PitTeamCell.swift in Sources */,
				E1A4D7071A8C4A2600FCF562 /* TeamExtension.swift in Sources */,
				E1F4BF001A6090630091EA2E /* (null) in Sources */,
				E1F4BED71A608DF20091EA2E /* AppDelegate.swift in Sources */,
				E1A4D6FB1A8C333900FCF562 /* TeamListCell.swift in Sources */,
				E1F9F8DB1A8CFC1200709C9D /* SingleTeamView.swift in Sources */,
				E145823A1A929CAC00594658 /* Team.swift in Sources */,
				E1F4BF021A60907A0091EA2E /* PitScouting.swift in Sources */,
				E1A4D7031A8C449500FCF562 /* RegionalExtension.swift in Sources */,
				E16EBB8A1A898A1B007D6E29 /* PitScoutingNav.swift in Sources */,
				2855A3091A874663004260DE /* Scoring.swift in Sources */,
				E1A4D6F91A8C300300FCF562 /* TeamList.swift in Sources */,
				E14582381A929CAC00594658 /* Regional.swift in Sources */,
				28A3F23D1A8D5EDD001009C8 /* Globals.swift in Sources */,
				E16EBB8C1A89BACE007D6E29 /* ViewPitTeams.swift in Sources */,
				E12F4B541A94503C00AAE0C6 /* PitTeamExtension.swift in Sources */,
				E145823E1A929CAD00594658 /* ToteStack.swift in Sources */,
				E14582341A929CAC00594658 /* Match.swift in Sources */,
				E1F4BEFA1A608E7F0091EA2E /* Model.xcdatamodeld in Sources */,
				E1B515511A8732EC00C48D6F /* MatchExtension.swift in Sources */,
				E145823C1A929CAC00594658 /* CoopStack.swift in Sources */,
			);
			runOnlyForDeploymentPostprocessing = 0;
		};
		E1F4BEE41A608DF20091EA2E /* Sources */ = {
			isa = PBXSourcesBuildPhase;
			buildActionMask = 2147483647;
			files = (
				E1F4BEEF1A608DF20091EA2E /* FRC_ScoutTests.swift in Sources */,
			);
			runOnlyForDeploymentPostprocessing = 0;
		};
/* End PBXSourcesBuildPhase section */

/* Begin PBXTargetDependency section */
		E1F4BEEA1A608DF20091EA2E /* PBXTargetDependency */ = {
			isa = PBXTargetDependency;
			target = E1F4BED01A608DF10091EA2E /* FRC Scout */;
			targetProxy = E1F4BEE91A608DF20091EA2E /* PBXContainerItemProxy */;
		};
/* End PBXTargetDependency section */

/* Begin PBXVariantGroup section */
		E1F4BEDC1A608DF20091EA2E /* Main.storyboard */ = {
			isa = PBXVariantGroup;
			children = (
				E1F4BEDD1A608DF20091EA2E /* Base */,
			);
			name = Main.storyboard;
			sourceTree = "<group>";
		};
		E1F4BEE11A608DF20091EA2E /* LaunchScreen.xib */ = {
			isa = PBXVariantGroup;
			children = (
				E1F4BEE21A608DF20091EA2E /* Base */,
			);
			name = LaunchScreen.xib;
			sourceTree = "<group>";
		};
/* End PBXVariantGroup section */

/* Begin XCBuildConfiguration section */
		E1F4BEF01A608DF20091EA2E /* Debug */ = {
			isa = XCBuildConfiguration;
			buildSettings = {
				ALWAYS_SEARCH_USER_PATHS = NO;
				CLANG_CXX_LANGUAGE_STANDARD = "gnu++0x";
				CLANG_CXX_LIBRARY = "libc++";
				CLANG_ENABLE_MODULES = YES;
				CLANG_ENABLE_OBJC_ARC = YES;
				CLANG_WARN_BOOL_CONVERSION = YES;
				CLANG_WARN_CONSTANT_CONVERSION = YES;
				CLANG_WARN_DIRECT_OBJC_ISA_USAGE = YES_ERROR;
				CLANG_WARN_EMPTY_BODY = YES;
				CLANG_WARN_ENUM_CONVERSION = YES;
				CLANG_WARN_INT_CONVERSION = YES;
				CLANG_WARN_OBJC_ROOT_CLASS = YES_ERROR;
				CLANG_WARN_UNREACHABLE_CODE = YES;
				CLANG_WARN__DUPLICATE_METHOD_MATCH = YES;
				"CODE_SIGN_IDENTITY[sdk=iphoneos*]" = "iPhone Developer";
				COPY_PHASE_STRIP = NO;
				ENABLE_STRICT_OBJC_MSGSEND = YES;
				GCC_C_LANGUAGE_STANDARD = gnu99;
				GCC_DYNAMIC_NO_PIC = NO;
				GCC_OPTIMIZATION_LEVEL = 0;
				GCC_PREPROCESSOR_DEFINITIONS = (
					"DEBUG=1",
					"$(inherited)",
				);
				GCC_SYMBOLS_PRIVATE_EXTERN = NO;
				GCC_WARN_64_TO_32_BIT_CONVERSION = YES;
				GCC_WARN_ABOUT_RETURN_TYPE = YES_ERROR;
				GCC_WARN_UNDECLARED_SELECTOR = YES;
				GCC_WARN_UNINITIALIZED_AUTOS = YES_AGGRESSIVE;
				GCC_WARN_UNUSED_FUNCTION = YES;
				GCC_WARN_UNUSED_VARIABLE = YES;
				IPHONEOS_DEPLOYMENT_TARGET = 8.1;
				MTL_ENABLE_DEBUG_INFO = YES;
				ONLY_ACTIVE_ARCH = YES;
				SDKROOT = iphoneos;
				SWIFT_OPTIMIZATION_LEVEL = "-Onone";
				TARGETED_DEVICE_FAMILY = 2;
			};
			name = Debug;
		};
		E1F4BEF11A608DF20091EA2E /* Release */ = {
			isa = XCBuildConfiguration;
			buildSettings = {
				ALWAYS_SEARCH_USER_PATHS = NO;
				CLANG_CXX_LANGUAGE_STANDARD = "gnu++0x";
				CLANG_CXX_LIBRARY = "libc++";
				CLANG_ENABLE_MODULES = YES;
				CLANG_ENABLE_OBJC_ARC = YES;
				CLANG_WARN_BOOL_CONVERSION = YES;
				CLANG_WARN_CONSTANT_CONVERSION = YES;
				CLANG_WARN_DIRECT_OBJC_ISA_USAGE = YES_ERROR;
				CLANG_WARN_EMPTY_BODY = YES;
				CLANG_WARN_ENUM_CONVERSION = YES;
				CLANG_WARN_INT_CONVERSION = YES;
				CLANG_WARN_OBJC_ROOT_CLASS = YES_ERROR;
				CLANG_WARN_UNREACHABLE_CODE = YES;
				CLANG_WARN__DUPLICATE_METHOD_MATCH = YES;
				"CODE_SIGN_IDENTITY[sdk=iphoneos*]" = "iPhone Developer";
				COPY_PHASE_STRIP = YES;
				ENABLE_NS_ASSERTIONS = NO;
				ENABLE_STRICT_OBJC_MSGSEND = YES;
				GCC_C_LANGUAGE_STANDARD = gnu99;
				GCC_WARN_64_TO_32_BIT_CONVERSION = YES;
				GCC_WARN_ABOUT_RETURN_TYPE = YES_ERROR;
				GCC_WARN_UNDECLARED_SELECTOR = YES;
				GCC_WARN_UNINITIALIZED_AUTOS = YES_AGGRESSIVE;
				GCC_WARN_UNUSED_FUNCTION = YES;
				GCC_WARN_UNUSED_VARIABLE = YES;
				IPHONEOS_DEPLOYMENT_TARGET = 8.1;
				MTL_ENABLE_DEBUG_INFO = NO;
				SDKROOT = iphoneos;
				TARGETED_DEVICE_FAMILY = 2;
				VALIDATE_PRODUCT = YES;
			};
			name = Release;
		};
		E1F4BEF31A608DF20091EA2E /* Debug */ = {
			isa = XCBuildConfiguration;
			buildSettings = {
				ASSETCATALOG_COMPILER_APPICON_NAME = AppIcon;
				INFOPLIST_FILE = "2015 FRC Scout/Info.plist";
				LD_RUNPATH_SEARCH_PATHS = "$(inherited) @executable_path/Frameworks";
				PRODUCT_NAME = "FRC Scout";
			};
			name = Debug;
		};
		E1F4BEF41A608DF20091EA2E /* Release */ = {
			isa = XCBuildConfiguration;
			buildSettings = {
				ASSETCATALOG_COMPILER_APPICON_NAME = AppIcon;
				INFOPLIST_FILE = "2015 FRC Scout/Info.plist";
				LD_RUNPATH_SEARCH_PATHS = "$(inherited) @executable_path/Frameworks";
				PRODUCT_NAME = "FRC Scout";
			};
			name = Release;
		};
		E1F4BEF61A608DF20091EA2E /* Debug */ = {
			isa = XCBuildConfiguration;
			buildSettings = {
				BUNDLE_LOADER = "$(TEST_HOST)";
				FRAMEWORK_SEARCH_PATHS = (
					"$(SDKROOT)/Developer/Library/Frameworks",
					"$(inherited)",
				);
				GCC_PREPROCESSOR_DEFINITIONS = (
					"DEBUG=1",
					"$(inherited)",
				);
				INFOPLIST_FILE = "2015 FRC ScoutTests/Info.plist";
				LD_RUNPATH_SEARCH_PATHS = "$(inherited) @executable_path/Frameworks @loader_path/Frameworks";
				PRODUCT_NAME = "FRC ScoutTests";
			};
			name = Debug;
		};
		E1F4BEF71A608DF20091EA2E /* Release */ = {
			isa = XCBuildConfiguration;
			buildSettings = {
				BUNDLE_LOADER = "$(TEST_HOST)";
				FRAMEWORK_SEARCH_PATHS = (
					"$(SDKROOT)/Developer/Library/Frameworks",
					"$(inherited)",
				);
				INFOPLIST_FILE = "2015 FRC ScoutTests/Info.plist";
				LD_RUNPATH_SEARCH_PATHS = "$(inherited) @executable_path/Frameworks @loader_path/Frameworks";
				PRODUCT_NAME = "FRC ScoutTests";
			};
			name = Release;
		};
/* End XCBuildConfiguration section */

/* Begin XCConfigurationList section */
		E1F4BECC1A608DF10091EA2E /* Build configuration list for PBXProject "FRC Scout" */ = {
			isa = XCConfigurationList;
			buildConfigurations = (
				E1F4BEF01A608DF20091EA2E /* Debug */,
				E1F4BEF11A608DF20091EA2E /* Release */,
			);
			defaultConfigurationIsVisible = 0;
			defaultConfigurationName = Release;
		};
		E1F4BEF21A608DF20091EA2E /* Build configuration list for PBXNativeTarget "FRC Scout" */ = {
			isa = XCConfigurationList;
			buildConfigurations = (
				E1F4BEF31A608DF20091EA2E /* Debug */,
				E1F4BEF41A608DF20091EA2E /* Release */,
			);
			defaultConfigurationIsVisible = 0;
			defaultConfigurationName = Release;
		};
		E1F4BEF51A608DF20091EA2E /* Build configuration list for PBXNativeTarget "FRC ScoutTests" */ = {
			isa = XCConfigurationList;
			buildConfigurations = (
				E1F4BEF61A608DF20091EA2E /* Debug */,
				E1F4BEF71A608DF20091EA2E /* Release */,
			);
			defaultConfigurationIsVisible = 0;
			defaultConfigurationName = Release;
		};
/* End XCConfigurationList section */

/* Begin XCVersionGroup section */
		E1F4BEF81A608E7F0091EA2E /* Model.xcdatamodeld */ = {
			isa = XCVersionGroup;
			children = (
				E1F4BEF91A608E7F0091EA2E /* Model.xcdatamodel */,
			);
			currentVersion = E1F4BEF91A608E7F0091EA2E /* Model.xcdatamodel */;
			name = Model.xcdatamodeld;
			path = ../Model.xcdatamodeld;
			sourceTree = "<group>";
			versionGroupType = wrapper.xcdatamodel;
		};
/* End XCVersionGroup section */
	};
	rootObject = E1F4BEC91A608DF10091EA2E /* Project object */;
}
